
Microsoft Visual Studio Solution File, Format Version 12.00
# Visual Studio Version 16
VisualStudioVersion = 16.0.32228.343
MinimumVisualStudioVersion = 10.0.40219.1
Project("{E24C65DC-7377-472B-9ABA-BC803B73C61A}") = "onlineshoes(1)", "D:\asp.net dev\Apex Pharmacy Final Project\onlineshoes\", "{EC60390B-5F74-416B-B355-1CF82C68C832}"
	ProjectSection(WebsiteProperties) = preProject
		TargetFrameworkMoniker = ".NETFramework,Version%3Dv4.0"
		Debug.AspNetCompiler.VirtualPath = "/localhost_54573"
		Debug.AspNetCompiler.PhysicalPath = "D:\asp.net dev\Apex Pharmacy Final Project\onlineshoes\"
		Debug.AspNetCompiler.TargetPath = "PrecompiledWeb\localhost_54573\"
		Debug.AspNetCompiler.Updateable = "true"
		Debug.AspNetCompiler.ForceOverwrite = "true"
		Debug.AspNetCompiler.FixedNames = "false"
		Debug.AspNetCompiler.Debug = "True"
		Release.AspNetCompiler.VirtualPath = "/localhost_54573"
		Release.AspNetCompiler.PhysicalPath = "D:\asp.net dev\Apex Pharmacy Final Project\onlineshoes\"
		Release.AspNetCompiler.TargetPath = "PrecompiledWeb\localhost_54573\"
		Release.AspNetCompiler.Updateable = "true"
		Release.AspNetCompiler.ForceOverwrite = "true"
		Release.AspNetCompiler.FixedNames = "false"
		Release.AspNetCompiler.Debug = "False"
		VWDPort = "54573"
	EndProjectSection
EndProject
Global
	GlobalSection(SolutionConfigurationPlatforms) = preSolution
		Debug|Any CPU = Debug|Any CPU
	EndGlobalSection
	GlobalSection(ProjectConfigurationPlatforms) = postSolution
		{EC60390B-5F74-416B-B355-1CF82C68C832}.Debug|Any CPU.ActiveCfg = Debug|Any CPU
		{EC60390B-5F74-416B-B355-1CF82C68C832}.Debug|Any CPU.Build.0 = Debug|Any CPU
	EndGlobalSection
	GlobalSection(SolutionProperties) = preSolution
		HideSolutionNode = FALSE
	EndGlobalSection
	GlobalSection(ExtensibilityGlobals) = postSolution
		SolutionGuid = {1026D0FC-7123-44F9-A23F-D06942E739CA}
	EndGlobalSection
EndGlobal
